<Solution>
  <Project Path="BayTack.API/BayTack.API.csproj" Id="b0c3c43f-c509-447d-a61d-5c53b7284f3a" />
  <Project Path="BayTack.Application/BayTack.Application.csproj" />
  <Project Path="BayTack.Domain/BayTack.Domain.csproj" />
  <Project Path="BayTack.Infrastructure/BayTack.Infrastructure.csproj" />
</Solution>
